
Microsoft Visual Studio Solution File, Format Version 12.00
# Visual Studio Version 16
VisualStudioVersion = 16.0.31129.286
MinimumVisualStudioVersion = 10.0.40219.1
Project("{FAE04EC0-301F-11D3-BF4B-00C04F79EFBC}") = "Motore Catasto", "Motore Catasto\Motore Catasto.csproj", "{B0CB7F32-F156-4688-BFAA-8AB782C53905}"
EndProject
Project("{2150E333-8FDC-42A3-9474-1A3956D46DE8}") = "Solution Items", "Solution Items", "{0EF6C70D-F269-4787-A35F-F209596CA549}"
	ProjectSection(SolutionItems) = preProject
		README.md = README.md
	EndProjectSection
EndProject
Global
	GlobalSection(SolutionConfigurationPlatforms) = preSolution
		Debug|Any CPU = Debug|Any CPU
		Release|Any CPU = Release|Any CPU
	EndGlobalSection
	GlobalSection(ProjectConfigurationPlatforms) = postSolution
		{B0CB7F32-F156-4688-BFAA-8AB782C53905}.Debug|Any CPU.ActiveCfg = Debug|Any CPU
		{B0CB7F32-F156-4688-BFAA-8AB782C53905}.Debug|Any CPU.Build.0 = Debug|Any CPU
		{B0CB7F32-F156-4688-BFAA-8AB782C53905}.Release|Any CPU.ActiveCfg = Release|Any CPU
		{B0CB7F32-F156-4688-BFAA-8AB782C53905}.Release|Any CPU.Build.0 = Release|Any CPU
	EndGlobalSection
	GlobalSection(SolutionProperties) = preSolution
		HideSolutionNode = FALSE
	EndGlobalSection
	GlobalSection(ExtensibilityGlobals) = postSolution
		SolutionGuid = {E90543C1-0206-4092-91CB-DCEEADC6C2A2}
	EndGlobalSection
EndGlobal
